
Microsoft Visual Studio Solution File, Format Version 12.00
# Visual Studio Version 17
VisualStudioVersion = 17.10.35004.147
MinimumVisualStudioVersion = 10.0.40219.1
Project("{9A19103F-16F7-4668-BE54-9A1E7A4F7556}") = "DatingApp.Api", "DatingApp.Api\DatingApp.Api.csproj", "{E5679A09-7257-4663-B94C-29249A3E31BE}"
EndProject
Project("{FAE04EC0-301F-11D3-BF4B-00C04F79EFBC}") = "DatingApp.Application", "DatingApp.Application\DatingApp.Application.csproj", "{1EB04A93-C6CE-4A29-A4B9-036DE906C92E}"
EndProject
Project("{FAE04EC0-301F-11D3-BF4B-00C04F79EFBC}") = "DatingApp.Domain", "DatingApp.Domain\DatingApp.Domain.csproj", "{AFDDB88D-DC0F-400A-BEB6-164D49124716}"
EndProject
Project("{FAE04EC0-301F-11D3-BF4B-00C04F79EFBC}") = "DatingApp.Infrastructure", "DatingApp.Infrastructure\DatingApp.Infrastructure.csproj", "{79D79CC5-B66E-49C3-934D-A923CC79AE9B}"
EndProject
Global
	GlobalSection(SolutionConfigurationPlatforms) = preSolution
		Debug|Any CPU = Debug|Any CPU
		Release|Any CPU = Release|Any CPU
	EndGlobalSection
	GlobalSection(ProjectConfigurationPlatforms) = postSolution
		{E5679A09-7257-4663-B94C-29249A3E31BE}.Debug|Any CPU.ActiveCfg = Debug|Any CPU
		{E5679A09-7257-4663-B94C-29249A3E31BE}.Debug|Any CPU.Build.0 = Debug|Any CPU
		{E5679A09-7257-4663-B94C-29249A3E31BE}.Release|Any CPU.ActiveCfg = Release|Any CPU
		{E5679A09-7257-4663-B94C-29249A3E31BE}.Release|Any CPU.Build.0 = Release|Any CPU
		{1EB04A93-C6CE-4A29-A4B9-036DE906C92E}.Debug|Any CPU.ActiveCfg = Debug|Any CPU
		{1EB04A93-C6CE-4A29-A4B9-036DE906C92E}.Debug|Any CPU.Build.0 = Debug|Any CPU
		{1EB04A93-C6CE-4A29-A4B9-036DE906C92E}.Release|Any CPU.ActiveCfg = Release|Any CPU
		{1EB04A93-C6CE-4A29-A4B9-036DE906C92E}.Release|Any CPU.Build.0 = Release|Any CPU
		{AFDDB88D-DC0F-400A-BEB6-164D49124716}.Debug|Any CPU.ActiveCfg = Debug|Any CPU
		{AFDDB88D-DC0F-400A-BEB6-164D49124716}.Debug|Any CPU.Build.0 = Debug|Any CPU
		{AFDDB88D-DC0F-400A-BEB6-164D49124716}.Release|Any CPU.ActiveCfg = Release|Any CPU
		{AFDDB88D-DC0F-400A-BEB6-164D49124716}.Release|Any CPU.Build.0 = Release|Any CPU
		{79D79CC5-B66E-49C3-934D-A923CC79AE9B}.Debug|Any CPU.ActiveCfg = Debug|Any CPU
		{79D79CC5-B66E-49C3-934D-A923CC79AE9B}.Debug|Any CPU.Build.0 = Debug|Any CPU
		{79D79CC5-B66E-49C3-934D-A923CC79AE9B}.Release|Any CPU.ActiveCfg = Release|Any CPU
		{79D79CC5-B66E-49C3-934D-A923CC79AE9B}.Release|Any CPU.Build.0 = Release|Any CPU
	EndGlobalSection
	GlobalSection(SolutionProperties) = preSolution
		HideSolutionNode = FALSE
	EndGlobalSection
	GlobalSection(ExtensibilityGlobals) = postSolution
		SolutionGuid = {5FAB2A49-274A-4E75-90E8-E03BC52955FE}
	EndGlobalSection
EndGlobal
